
Microsoft Visual Studio Solution File, Format Version 12.00
# Visual Studio Version 16
VisualStudioVersion = 16.0.29905.134
MinimumVisualStudioVersion = 10.0.40219.1
Project("{FAE04EC0-301F-11D3-BF4B-00C04F79EFBC}") = "CarRentalSystem.Domain", "CarRentalSystem.Domain\CarRentalSystem.Domain.csproj", "{8F176283-EA04-4EF9-BD47-398F60079468}"
EndProject
Global
	GlobalSection(SolutionConfigurationPlatforms) = preSolution
		Debug|Any CPU = Debug|Any CPU
		Release|Any CPU = Release|Any CPU
	EndGlobalSection
	GlobalSection(ProjectConfigurationPlatforms) = postSolution
		{8F176283-EA04-4EF9-BD47-398F60079468}.Debug|Any CPU.ActiveCfg = Debug|Any CPU
		{8F176283-EA04-4EF9-BD47-398F60079468}.Debug|Any CPU.Build.0 = Debug|Any CPU
		{8F176283-EA04-4EF9-BD47-398F60079468}.Release|Any CPU.ActiveCfg = Release|Any CPU
		{8F176283-EA04-4EF9-BD47-398F60079468}.Release|Any CPU.Build.0 = Release|Any CPU
	EndGlobalSection
	GlobalSection(SolutionProperties) = preSolution
		HideSolutionNode = FALSE
	EndGlobalSection
	GlobalSection(ExtensibilityGlobals) = postSolution
		SolutionGuid = {8FDF6274-DB2A-45DA-B45F-11A257F27160}
	EndGlobalSection
EndGlobal
